
Microsoft Visual Studio Solution File, Format Version 12.00
# Visual Studio Version 16
VisualStudioVersion = 16.0.32106.194
MinimumVisualStudioVersion = 10.0.40219.1
Project("{FAE04EC0-301F-11D3-BF4B-00C04F79EFBC}") = "WFPAPP", "WPFSolution\WFPAPP.csproj", "{F6CD3B9A-C085-4A05-B42E-727C82443752}"
EndProject
Global
	GlobalSection(SolutionConfigurationPlatforms) = preSolution
		Debug|Any CPU = Debug|Any CPU
		Release|Any CPU = Release|Any CPU
	EndGlobalSection
	GlobalSection(ProjectConfigurationPlatforms) = postSolution
		{F6CD3B9A-C085-4A05-B42E-727C82443752}.Debug|Any CPU.ActiveCfg = Debug|Any CPU
		{F6CD3B9A-C085-4A05-B42E-727C82443752}.Debug|Any CPU.Build.0 = Debug|Any CPU
		{F6CD3B9A-C085-4A05-B42E-727C82443752}.Release|Any CPU.ActiveCfg = Release|Any CPU
		{F6CD3B9A-C085-4A05-B42E-727C82443752}.Release|Any CPU.Build.0 = Release|Any CPU
	EndGlobalSection
	GlobalSection(SolutionProperties) = preSolution
		HideSolutionNode = FALSE
	EndGlobalSection
	GlobalSection(ExtensibilityGlobals) = postSolution
		SolutionGuid = {DE57934E-F41E-434E-9925-E311ABD07ED1}
	EndGlobalSection
EndGlobal
